
Microsoft Visual Studio Solution File, Format Version 12.00
# Visual Studio Version 17
VisualStudioVersion = 17.10.35027.167
MinimumVisualStudioVersion = 10.0.40219.1
Project("{FAE04EC0-301F-11D3-BF4B-00C04F79EFBC}") = "ChatApp", "ChatApp\ChatApp.csproj", "{4F0A0179-C126-4A0D-9D62-B1DB249F2B6D}"
EndProject
Global
	GlobalSection(SolutionConfigurationPlatforms) = preSolution
		Debug|Any CPU = Debug|Any CPU
		Release|Any CPU = Release|Any CPU
	EndGlobalSection
	GlobalSection(ProjectConfigurationPlatforms) = postSolution
		{4F0A0179-C126-4A0D-9D62-B1DB249F2B6D}.Debug|Any CPU.ActiveCfg = Debug|Any CPU
		{4F0A0179-C126-4A0D-9D62-B1DB249F2B6D}.Debug|Any CPU.Build.0 = Debug|Any CPU
		{4F0A0179-C126-4A0D-9D62-B1DB249F2B6D}.Release|Any CPU.ActiveCfg = Release|Any CPU
		{4F0A0179-C126-4A0D-9D62-B1DB249F2B6D}.Release|Any CPU.Build.0 = Release|Any CPU
	EndGlobalSection
	GlobalSection(SolutionProperties) = preSolution
		HideSolutionNode = FALSE
	EndGlobalSection
	GlobalSection(ExtensibilityGlobals) = postSolution
		SolutionGuid = {6090C48E-FA9D-4A83-AB8D-19E7FEF1B197}
	EndGlobalSection
EndGlobal
